
Microsoft Visual Studio Solution File, Format Version 12.00
# Visual Studio 15
VisualStudioVersion = 15.0.28010.2048
MinimumVisualStudioVersion = 10.0.40219.1
Project("{FAE04EC0-301F-11D3-BF4B-00C04F79EFBC}") = "CROUDClientesWebServices", "CROUDClientesWebServices\CROUDClientesWebServices.csproj", "{6CE27ADF-DB4B-41F3-BE3B-CEA8038438A8}"
EndProject
Project("{FAE04EC0-301F-11D3-BF4B-00C04F79EFBC}") = "BLL", "BLL\BLL.csproj", "{0BDE1230-1873-4009-A8F8-B2965A25B474}"
EndProject
Project("{FAE04EC0-301F-11D3-BF4B-00C04F79EFBC}") = "DAL", "DAL\DAL.csproj", "{0A8EF800-D832-45DC-B392-027A3A25876D}"
EndProject
Global
	GlobalSection(SolutionConfigurationPlatforms) = preSolution
		Debug|Any CPU = Debug|Any CPU
		Release|Any CPU = Release|Any CPU
	EndGlobalSection
	GlobalSection(ProjectConfigurationPlatforms) = postSolution
		{6CE27ADF-DB4B-41F3-BE3B-CEA8038438A8}.Debug|Any CPU.ActiveCfg = Debug|Any CPU
		{6CE27ADF-DB4B-41F3-BE3B-CEA8038438A8}.Debug|Any CPU.Build.0 = Debug|Any CPU
		{6CE27ADF-DB4B-41F3-BE3B-CEA8038438A8}.Release|Any CPU.ActiveCfg = Release|Any CPU
		{6CE27ADF-DB4B-41F3-BE3B-CEA8038438A8}.Release|Any CPU.Build.0 = Release|Any CPU
		{0BDE1230-1873-4009-A8F8-B2965A25B474}.Debug|Any CPU.ActiveCfg = Debug|Any CPU
		{0BDE1230-1873-4009-A8F8-B2965A25B474}.Debug|Any CPU.Build.0 = Debug|Any CPU
		{0BDE1230-1873-4009-A8F8-B2965A25B474}.Release|Any CPU.ActiveCfg = Release|Any CPU
		{0BDE1230-1873-4009-A8F8-B2965A25B474}.Release|Any CPU.Build.0 = Release|Any CPU
		{0A8EF800-D832-45DC-B392-027A3A25876D}.Debug|Any CPU.ActiveCfg = Debug|Any CPU
		{0A8EF800-D832-45DC-B392-027A3A25876D}.Debug|Any CPU.Build.0 = Debug|Any CPU
		{0A8EF800-D832-45DC-B392-027A3A25876D}.Release|Any CPU.ActiveCfg = Release|Any CPU
		{0A8EF800-D832-45DC-B392-027A3A25876D}.Release|Any CPU.Build.0 = Release|Any CPU
	EndGlobalSection
	GlobalSection(SolutionProperties) = preSolution
		HideSolutionNode = FALSE
	EndGlobalSection
	GlobalSection(ExtensibilityGlobals) = postSolution
		SolutionGuid = {77303ACC-1EC0-41AC-9884-FC587C63BAD9}
	EndGlobalSection
EndGlobal
